{
  "object": {
    "pins": [
      {
        "package": "Sourceful",
        "repositoryURL": "https://github.com/twostraws/Sourceful.git",
        "state": {
          "branch": null,
          "revision": "77317c0043dc0330e2baf02c43d415bc7cc8a784",
          "version": "0.4.0"
        }
      },
      {
        "package": "SwiftUISkeleton",
        "repositoryURL": "https://github.com/serbats/SwiftUISkeleton.git",
        "state": {
          "branch": null,
          "revision": "b52caff9b2a1a2a10a82efed88d25e9c291ced43",
          "version": "1.0.1"
        }
      }
    ]
  },
  "version": 1
}
